
Microsoft Visual Studio Solution File, Format Version 12.00
# Visual Studio Version 16
VisualStudioVersion = 16.0.29806.167
MinimumVisualStudioVersion = 10.0.40219.1
Project("{9A19103F-16F7-4668-BE54-9A1E7A4F7556}") = "1_API", "API\1_API.csproj", "{F40BA6E7-D870-47A8-A672-DEA4D5FA96F5}"
EndProject
Project("{9A19103F-16F7-4668-BE54-9A1E7A4F7556}") = "2_Services", "Services\2_Services.csproj", "{9940A638-7501-49EE-A816-560A2908A029}"
EndProject
Project("{9A19103F-16F7-4668-BE54-9A1E7A4F7556}") = "3_Repositories", "Repositories\3_Repositories.csproj", "{860D05B3-46CB-4EA9-9F83-63BBF44AFB2F}"
EndProject
Project("{9A19103F-16F7-4668-BE54-9A1E7A4F7556}") = "5_Models", "Models\5_Models.csproj", "{22BBD62E-AD77-46E5-86F8-900737BE19FB}"
EndProject
Project("{9A19103F-16F7-4668-BE54-9A1E7A4F7556}") = "4_Data", "Data\4_Data.csproj", "{B626B71A-6C31-4921-896C-A8946092D159}"
EndProject
Project("{9A19103F-16F7-4668-BE54-9A1E7A4F7556}") = "6_IdentityServer", "IdentityServer\6_IdentityServer.csproj", "{823A7672-639A-4C68-AD71-04C9C62E1468}"
EndProject
Project("{9A19103F-16F7-4668-BE54-9A1E7A4F7556}") = "2_Services.Tests", "Services.Tests\2_Services.Tests.csproj", "{D7ABD315-4B00-4A5F-8961-8147ED6602C0}"
EndProject
Project("{9A19103F-16F7-4668-BE54-9A1E7A4F7556}") = "3_Repositories.Tests", "Repositories.Tests\3_Repositories.Tests.csproj", "{471B1E44-E308-4C6D-B595-15AD939820DB}"
EndProject
Project("{2150E333-8FDC-42A3-9474-1A3956D46DE8}") = "Solution Items", "Solution Items", "{445ECBDE-DF20-43B3-BD4B-4881F05203A2}"
	ProjectSection(SolutionItems) = preProject
		.editorconfig = .editorconfig
	EndProjectSection
EndProject
Project("{9A19103F-16F7-4668-BE54-9A1E7A4F7556}") = "NotificationSystem", "NotificationSystem\NotificationSystem.csproj", "{A0F1BB66-1749-47B7-940F-2EA6D004F33B}"
EndProject
Project("{9A19103F-16F7-4668-BE54-9A1E7A4F7556}") = "MessageBrokerPublisher", "MessageBrokerPublisher\MessageBrokerPublisher.csproj", "{3A0B6EED-3F6B-43F7-9C1E-0311EC9871CB}"
EndProject
Project("{FAE04EC0-301F-11D3-BF4B-00C04F79EFBC}") = "MessageBrokerPublisher.Tests", "MessageBrokerPublisher.Tests\MessageBrokerPublisher.Tests.csproj", "{4F2E803B-9C59-4A7F-9830-6627381851EA}"
EndProject
Global
	GlobalSection(SolutionConfigurationPlatforms) = preSolution
		Debug|Any CPU = Debug|Any CPU
		Release|Any CPU = Release|Any CPU
	EndGlobalSection
	GlobalSection(ProjectConfigurationPlatforms) = postSolution
		{F40BA6E7-D870-47A8-A672-DEA4D5FA96F5}.Debug|Any CPU.ActiveCfg = Debug|Any CPU
		{F40BA6E7-D870-47A8-A672-DEA4D5FA96F5}.Debug|Any CPU.Build.0 = Debug|Any CPU
		{F40BA6E7-D870-47A8-A672-DEA4D5FA96F5}.Release|Any CPU.ActiveCfg = Release|Any CPU
		{F40BA6E7-D870-47A8-A672-DEA4D5FA96F5}.Release|Any CPU.Build.0 = Release|Any CPU
		{9940A638-7501-49EE-A816-560A2908A029}.Debug|Any CPU.ActiveCfg = Debug|Any CPU
		{9940A638-7501-49EE-A816-560A2908A029}.Debug|Any CPU.Build.0 = Debug|Any CPU
		{9940A638-7501-49EE-A816-560A2908A029}.Release|Any CPU.ActiveCfg = Release|Any CPU
		{9940A638-7501-49EE-A816-560A2908A029}.Release|Any CPU.Build.0 = Release|Any CPU
		{860D05B3-46CB-4EA9-9F83-63BBF44AFB2F}.Debug|Any CPU.ActiveCfg = Debug|Any CPU
		{860D05B3-46CB-4EA9-9F83-63BBF44AFB2F}.Debug|Any CPU.Build.0 = Debug|Any CPU
		{860D05B3-46CB-4EA9-9F83-63BBF44AFB2F}.Release|Any CPU.ActiveCfg = Release|Any CPU
		{860D05B3-46CB-4EA9-9F83-63BBF44AFB2F}.Release|Any CPU.Build.0 = Release|Any CPU
		{22BBD62E-AD77-46E5-86F8-900737BE19FB}.Debug|Any CPU.ActiveCfg = Debug|Any CPU
		{22BBD62E-AD77-46E5-86F8-900737BE19FB}.Debug|Any CPU.Build.0 = Debug|Any CPU
		{22BBD62E-AD77-46E5-86F8-900737BE19FB}.Release|Any CPU.ActiveCfg = Release|Any CPU
		{22BBD62E-AD77-46E5-86F8-900737BE19FB}.Release|Any CPU.Build.0 = Release|Any CPU
		{B626B71A-6C31-4921-896C-A8946092D159}.Debug|Any CPU.ActiveCfg = Debug|Any CPU
		{B626B71A-6C31-4921-896C-A8946092D159}.Debug|Any CPU.Build.0 = Debug|Any CPU
		{B626B71A-6C31-4921-896C-A8946092D159}.Release|Any CPU.ActiveCfg = Release|Any CPU
		{B626B71A-6C31-4921-896C-A8946092D159}.Release|Any CPU.Build.0 = Release|Any CPU
		{823A7672-639A-4C68-AD71-04C9C62E1468}.Debug|Any CPU.ActiveCfg = Debug|Any CPU
		{823A7672-639A-4C68-AD71-04C9C62E1468}.Debug|Any CPU.Build.0 = Debug|Any CPU
		{823A7672-639A-4C68-AD71-04C9C62E1468}.Release|Any CPU.ActiveCfg = Release|Any CPU
		{823A7672-639A-4C68-AD71-04C9C62E1468}.Release|Any CPU.Build.0 = Release|Any CPU
		{D7ABD315-4B00-4A5F-8961-8147ED6602C0}.Debug|Any CPU.ActiveCfg = Debug|Any CPU
		{D7ABD315-4B00-4A5F-8961-8147ED6602C0}.Debug|Any CPU.Build.0 = Debug|Any CPU
		{D7ABD315-4B00-4A5F-8961-8147ED6602C0}.Release|Any CPU.ActiveCfg = Release|Any CPU
		{D7ABD315-4B00-4A5F-8961-8147ED6602C0}.Release|Any CPU.Build.0 = Release|Any CPU
		{471B1E44-E308-4C6D-B595-15AD939820DB}.Debug|Any CPU.ActiveCfg = Debug|Any CPU
		{471B1E44-E308-4C6D-B595-15AD939820DB}.Debug|Any CPU.Build.0 = Debug|Any CPU
		{471B1E44-E308-4C6D-B595-15AD939820DB}.Release|Any CPU.ActiveCfg = Release|Any CPU
		{471B1E44-E308-4C6D-B595-15AD939820DB}.Release|Any CPU.Build.0 = Release|Any CPU
		{A0F1BB66-1749-47B7-940F-2EA6D004F33B}.Debug|Any CPU.ActiveCfg = Debug|Any CPU
		{A0F1BB66-1749-47B7-940F-2EA6D004F33B}.Debug|Any CPU.Build.0 = Debug|Any CPU
		{A0F1BB66-1749-47B7-940F-2EA6D004F33B}.Release|Any CPU.ActiveCfg = Release|Any CPU
		{A0F1BB66-1749-47B7-940F-2EA6D004F33B}.Release|Any CPU.Build.0 = Release|Any CPU
		{3A0B6EED-3F6B-43F7-9C1E-0311EC9871CB}.Debug|Any CPU.ActiveCfg = Debug|Any CPU
		{3A0B6EED-3F6B-43F7-9C1E-0311EC9871CB}.Debug|Any CPU.Build.0 = Debug|Any CPU
		{3A0B6EED-3F6B-43F7-9C1E-0311EC9871CB}.Release|Any CPU.ActiveCfg = Release|Any CPU
		{3A0B6EED-3F6B-43F7-9C1E-0311EC9871CB}.Release|Any CPU.Build.0 = Release|Any CPU
		{4F2E803B-9C59-4A7F-9830-6627381851EA}.Debug|Any CPU.ActiveCfg = Debug|Any CPU
		{4F2E803B-9C59-4A7F-9830-6627381851EA}.Debug|Any CPU.Build.0 = Debug|Any CPU
		{4F2E803B-9C59-4A7F-9830-6627381851EA}.Release|Any CPU.ActiveCfg = Release|Any CPU
		{4F2E803B-9C59-4A7F-9830-6627381851EA}.Release|Any CPU.Build.0 = Release|Any CPU
	EndGlobalSection
	GlobalSection(SolutionProperties) = preSolution
		HideSolutionNode = FALSE
	EndGlobalSection
	GlobalSection(ExtensibilityGlobals) = postSolution
		SolutionGuid = {ACE8326A-06AA-4223-B11B-FA08EF23FF11}
	EndGlobalSection
EndGlobal
