
Microsoft Visual Studio Solution File, Format Version 12.00
# Visual Studio Version 17
VisualStudioVersion = 17.0.31903.59
MinimumVisualStudioVersion = 10.0.40219.1
Project("{2150E333-8FDC-42A3-9474-1A3956D46DE8}") = "Solution Items", "Solution Items", "{445ECBDE-DF20-43B3-BD4B-4881F05203A2}"
	ProjectSection(SolutionItems) = preProject
		.editorconfig = .editorconfig
	EndProjectSection
EndProject
Project("{9A19103F-16F7-4668-BE54-9A1E7A4F7556}") = "01_API", "API\01_API.csproj", "{76EF54DF-A184-4007-A064-C2E0379AD060}"
EndProject
Project("{9A19103F-16F7-4668-BE54-9A1E7A4F7556}") = "02_API.Tests", "15_API.Tests\02_API.Tests.csproj", "{09EE6D76-80C3-454C-9710-ADB7A2067495}"
EndProject
Project("{9A19103F-16F7-4668-BE54-9A1E7A4F7556}") = "07_Data", "Data\07_Data.csproj", "{0F354E89-D0FE-4C42-8044-44A3E6A3DABB}"
EndProject
Project("{9A19103F-16F7-4668-BE54-9A1E7A4F7556}") = "15_ElasticSynchronizer", "ElasticSynchronizer\15_ElasticSynchronizer.csproj", "{A7D714EE-26C0-44A2-A9EB-B84B42194E86}"
EndProject
Project("{9A19103F-16F7-4668-BE54-9A1E7A4F7556}") = "05_Repositories", "Repositories\05_Repositories.csproj", "{57178553-7093-438C-8AE6-8D844B7A1D10}"
EndProject
Project("{9A19103F-16F7-4668-BE54-9A1E7A4F7556}") = "14_JobScheduler", "JobScheduler\14_JobScheduler.csproj", "{621882FD-D784-4526-A505-BB1F0014868D}"
EndProject
Project("{9A19103F-16F7-4668-BE54-9A1E7A4F7556}") = "10_MessageBrokerPublisher", "MessageBrokerPublisher\10_MessageBrokerPublisher.csproj", "{FD5B1D3E-8530-42B4-A954-7853A7632903}"
EndProject
Project("{9A19103F-16F7-4668-BE54-9A1E7A4F7556}") = "06_Repositories.Tests", "Repositories.Tests\06_Repositories.Tests.csproj", "{22E98187-790E-471F-B3AD-7165CAA64399}"
EndProject
Project("{9A19103F-16F7-4668-BE54-9A1E7A4F7556}") = "03_Services", "Services\03_Services.csproj", "{108127CA-8595-4B4B-AFCB-D3D6E33AD3B2}"
EndProject
Project("{9A19103F-16F7-4668-BE54-9A1E7A4F7556}") = "13_NotificationSystem.Tests", "NotificationSystem.Tests\13_NotificationSystem.Tests.csproj", "{CD5328BA-9922-4D9B-8203-EB2482B9490C}"
EndProject
Project("{9A19103F-16F7-4668-BE54-9A1E7A4F7556}") = "08_Models", "Models\08_Models.csproj", "{9BE207DF-4F0E-478E-AB34-FB6D2E73C07B}"
EndProject
Project("{9A19103F-16F7-4668-BE54-9A1E7A4F7556}") = "09_IdentityServer", "IdentityServer\09_IdentityServer.csproj", "{C1DDAB07-14C7-4690-99DA-00DF27FD2BF8}"
EndProject
Project("{9A19103F-16F7-4668-BE54-9A1E7A4F7556}") = "04_Services.Tests", "Services.Tests\04_Services.Tests.csproj", "{9B4C214C-5413-4222-8CF3-0E4DD8FB6AB4}"
EndProject
Project("{9A19103F-16F7-4668-BE54-9A1E7A4F7556}") = "11_MessageBrokerPublisher.Tests", "MessageBrokerPublisher.Tests\11_MessageBrokerPublisher.Tests.csproj", "{D7EC1263-78D7-44C5-83E6-3638A214CDF8}"
EndProject
Project("{9A19103F-16F7-4668-BE54-9A1E7A4F7556}") = "12_NotificationSystem", "NotificationSystem\12_NotificationSystem.csproj", "{6CF7A22E-C4D2-4609-8407-A1FB45D8C302}"
EndProject
Global
	GlobalSection(SolutionConfigurationPlatforms) = preSolution
		Debug|Any CPU = Debug|Any CPU
		Release|Any CPU = Release|Any CPU
	EndGlobalSection
	GlobalSection(ProjectConfigurationPlatforms) = postSolution
		{76EF54DF-A184-4007-A064-C2E0379AD060}.Debug|Any CPU.ActiveCfg = Debug|Any CPU
		{76EF54DF-A184-4007-A064-C2E0379AD060}.Debug|Any CPU.Build.0 = Debug|Any CPU
		{76EF54DF-A184-4007-A064-C2E0379AD060}.Release|Any CPU.ActiveCfg = Release|Any CPU
		{76EF54DF-A184-4007-A064-C2E0379AD060}.Release|Any CPU.Build.0 = Release|Any CPU
		{09EE6D76-80C3-454C-9710-ADB7A2067495}.Debug|Any CPU.ActiveCfg = Debug|Any CPU
		{09EE6D76-80C3-454C-9710-ADB7A2067495}.Debug|Any CPU.Build.0 = Debug|Any CPU
		{09EE6D76-80C3-454C-9710-ADB7A2067495}.Release|Any CPU.ActiveCfg = Release|Any CPU
		{09EE6D76-80C3-454C-9710-ADB7A2067495}.Release|Any CPU.Build.0 = Release|Any CPU
		{0F354E89-D0FE-4C42-8044-44A3E6A3DABB}.Debug|Any CPU.ActiveCfg = Debug|Any CPU
		{0F354E89-D0FE-4C42-8044-44A3E6A3DABB}.Debug|Any CPU.Build.0 = Debug|Any CPU
		{0F354E89-D0FE-4C42-8044-44A3E6A3DABB}.Release|Any CPU.ActiveCfg = Release|Any CPU
		{0F354E89-D0FE-4C42-8044-44A3E6A3DABB}.Release|Any CPU.Build.0 = Release|Any CPU
		{A7D714EE-26C0-44A2-A9EB-B84B42194E86}.Debug|Any CPU.ActiveCfg = Debug|Any CPU
		{A7D714EE-26C0-44A2-A9EB-B84B42194E86}.Debug|Any CPU.Build.0 = Debug|Any CPU
		{A7D714EE-26C0-44A2-A9EB-B84B42194E86}.Release|Any CPU.ActiveCfg = Release|Any CPU
		{A7D714EE-26C0-44A2-A9EB-B84B42194E86}.Release|Any CPU.Build.0 = Release|Any CPU
		{57178553-7093-438C-8AE6-8D844B7A1D10}.Debug|Any CPU.ActiveCfg = Debug|Any CPU
		{57178553-7093-438C-8AE6-8D844B7A1D10}.Debug|Any CPU.Build.0 = Debug|Any CPU
		{57178553-7093-438C-8AE6-8D844B7A1D10}.Release|Any CPU.ActiveCfg = Release|Any CPU
		{57178553-7093-438C-8AE6-8D844B7A1D10}.Release|Any CPU.Build.0 = Release|Any CPU
		{621882FD-D784-4526-A505-BB1F0014868D}.Debug|Any CPU.ActiveCfg = Debug|Any CPU
		{621882FD-D784-4526-A505-BB1F0014868D}.Debug|Any CPU.Build.0 = Debug|Any CPU
		{621882FD-D784-4526-A505-BB1F0014868D}.Release|Any CPU.ActiveCfg = Release|Any CPU
		{621882FD-D784-4526-A505-BB1F0014868D}.Release|Any CPU.Build.0 = Release|Any CPU
		{FD5B1D3E-8530-42B4-A954-7853A7632903}.Debug|Any CPU.ActiveCfg = Debug|Any CPU
		{FD5B1D3E-8530-42B4-A954-7853A7632903}.Debug|Any CPU.Build.0 = Debug|Any CPU
		{FD5B1D3E-8530-42B4-A954-7853A7632903}.Release|Any CPU.ActiveCfg = Release|Any CPU
		{FD5B1D3E-8530-42B4-A954-7853A7632903}.Release|Any CPU.Build.0 = Release|Any CPU
		{22E98187-790E-471F-B3AD-7165CAA64399}.Debug|Any CPU.ActiveCfg = Debug|Any CPU
		{22E98187-790E-471F-B3AD-7165CAA64399}.Debug|Any CPU.Build.0 = Debug|Any CPU
		{22E98187-790E-471F-B3AD-7165CAA64399}.Release|Any CPU.ActiveCfg = Release|Any CPU
		{22E98187-790E-471F-B3AD-7165CAA64399}.Release|Any CPU.Build.0 = Release|Any CPU
		{108127CA-8595-4B4B-AFCB-D3D6E33AD3B2}.Debug|Any CPU.ActiveCfg = Debug|Any CPU
		{108127CA-8595-4B4B-AFCB-D3D6E33AD3B2}.Debug|Any CPU.Build.0 = Debug|Any CPU
		{108127CA-8595-4B4B-AFCB-D3D6E33AD3B2}.Release|Any CPU.ActiveCfg = Release|Any CPU
		{108127CA-8595-4B4B-AFCB-D3D6E33AD3B2}.Release|Any CPU.Build.0 = Release|Any CPU
		{CD5328BA-9922-4D9B-8203-EB2482B9490C}.Debug|Any CPU.ActiveCfg = Debug|Any CPU
		{CD5328BA-9922-4D9B-8203-EB2482B9490C}.Debug|Any CPU.Build.0 = Debug|Any CPU
		{CD5328BA-9922-4D9B-8203-EB2482B9490C}.Release|Any CPU.ActiveCfg = Release|Any CPU
		{CD5328BA-9922-4D9B-8203-EB2482B9490C}.Release|Any CPU.Build.0 = Release|Any CPU
		{9BE207DF-4F0E-478E-AB34-FB6D2E73C07B}.Debug|Any CPU.ActiveCfg = Debug|Any CPU
		{9BE207DF-4F0E-478E-AB34-FB6D2E73C07B}.Debug|Any CPU.Build.0 = Debug|Any CPU
		{9BE207DF-4F0E-478E-AB34-FB6D2E73C07B}.Release|Any CPU.ActiveCfg = Release|Any CPU
		{9BE207DF-4F0E-478E-AB34-FB6D2E73C07B}.Release|Any CPU.Build.0 = Release|Any CPU
		{C1DDAB07-14C7-4690-99DA-00DF27FD2BF8}.Debug|Any CPU.ActiveCfg = Debug|Any CPU
		{C1DDAB07-14C7-4690-99DA-00DF27FD2BF8}.Debug|Any CPU.Build.0 = Debug|Any CPU
		{C1DDAB07-14C7-4690-99DA-00DF27FD2BF8}.Release|Any CPU.ActiveCfg = Release|Any CPU
		{C1DDAB07-14C7-4690-99DA-00DF27FD2BF8}.Release|Any CPU.Build.0 = Release|Any CPU
		{9B4C214C-5413-4222-8CF3-0E4DD8FB6AB4}.Debug|Any CPU.ActiveCfg = Debug|Any CPU
		{9B4C214C-5413-4222-8CF3-0E4DD8FB6AB4}.Debug|Any CPU.Build.0 = Debug|Any CPU
		{9B4C214C-5413-4222-8CF3-0E4DD8FB6AB4}.Release|Any CPU.ActiveCfg = Release|Any CPU
		{9B4C214C-5413-4222-8CF3-0E4DD8FB6AB4}.Release|Any CPU.Build.0 = Release|Any CPU
		{D7EC1263-78D7-44C5-83E6-3638A214CDF8}.Debug|Any CPU.ActiveCfg = Debug|Any CPU
		{D7EC1263-78D7-44C5-83E6-3638A214CDF8}.Debug|Any CPU.Build.0 = Debug|Any CPU
		{D7EC1263-78D7-44C5-83E6-3638A214CDF8}.Release|Any CPU.ActiveCfg = Release|Any CPU
		{D7EC1263-78D7-44C5-83E6-3638A214CDF8}.Release|Any CPU.Build.0 = Release|Any CPU
		{6CF7A22E-C4D2-4609-8407-A1FB45D8C302}.Debug|Any CPU.ActiveCfg = Debug|Any CPU
		{6CF7A22E-C4D2-4609-8407-A1FB45D8C302}.Debug|Any CPU.Build.0 = Debug|Any CPU
		{6CF7A22E-C4D2-4609-8407-A1FB45D8C302}.Release|Any CPU.ActiveCfg = Release|Any CPU
		{6CF7A22E-C4D2-4609-8407-A1FB45D8C302}.Release|Any CPU.Build.0 = Release|Any CPU
	EndGlobalSection
	GlobalSection(SolutionProperties) = preSolution
		HideSolutionNode = FALSE
	EndGlobalSection
	GlobalSection(ExtensibilityGlobals) = postSolution
		SolutionGuid = {ACE8326A-06AA-4223-B11B-FA08EF23FF11}
	EndGlobalSection
EndGlobal
